
Microsoft Visual Studio Solution File, Format Version 12.00
# Visual Studio Version 17
VisualStudioVersion = 17.4.33110.190
MinimumVisualStudioVersion = 10.0.40219.1
Project("{FAE04EC0-301F-11D3-BF4B-00C04F79EFBC}") = "RADFinal_Matthew_Marzec", "RADFinal_Matthew_Marzec\RADFinal_Matthew_Marzec.csproj", "{09EE07D5-6051-46C7-AE56-D334C2C29B4D}"
EndProject
Project("{FAE04EC0-301F-11D3-BF4B-00C04F79EFBC}") = "EmmaFinalDLL", "EmmaFinalDLL\EmmaFinalDLL.csproj", "{AB12F107-162F-44A2-BEBB-9370600A0EC4}"
EndProject
Global
	GlobalSection(SolutionConfigurationPlatforms) = preSolution
		Debug|Any CPU = Debug|Any CPU
		Release|Any CPU = Release|Any CPU
	EndGlobalSection
	GlobalSection(ProjectConfigurationPlatforms) = postSolution
		{09EE07D5-6051-46C7-AE56-D334C2C29B4D}.Debug|Any CPU.ActiveCfg = Debug|Any CPU
		{09EE07D5-6051-46C7-AE56-D334C2C29B4D}.Debug|Any CPU.Build.0 = Debug|Any CPU
		{09EE07D5-6051-46C7-AE56-D334C2C29B4D}.Release|Any CPU.ActiveCfg = Release|Any CPU
		{09EE07D5-6051-46C7-AE56-D334C2C29B4D}.Release|Any CPU.Build.0 = Release|Any CPU
		{AB12F107-162F-44A2-BEBB-9370600A0EC4}.Debug|Any CPU.ActiveCfg = Debug|Any CPU
		{AB12F107-162F-44A2-BEBB-9370600A0EC4}.Debug|Any CPU.Build.0 = Debug|Any CPU
		{AB12F107-162F-44A2-BEBB-9370600A0EC4}.Release|Any CPU.ActiveCfg = Release|Any CPU
		{AB12F107-162F-44A2-BEBB-9370600A0EC4}.Release|Any CPU.Build.0 = Release|Any CPU
	EndGlobalSection
	GlobalSection(SolutionProperties) = preSolution
		HideSolutionNode = FALSE
	EndGlobalSection
	GlobalSection(ExtensibilityGlobals) = postSolution
		SolutionGuid = {C731A542-26D1-4C3D-AE96-0ABDBA32145D}
	EndGlobalSection
EndGlobal
